
Microsoft Visual Studio Solution File, Format Version 12.00
# Visual Studio Version 17
VisualStudioVersion = 17.6.33829.357
MinimumVisualStudioVersion = 10.0.40219.1
Project("{FAE04EC0-301F-11D3-BF4B-00C04F79EFBC}") = "Dictionary1", "Dictionary1\Dictionary1.csproj", "{E224DD0F-80BD-4FC5-A14F-A821FC1686CE}"
EndProject
Global
	GlobalSection(SolutionConfigurationPlatforms) = preSolution
		Debug|Any CPU = Debug|Any CPU
		Release|Any CPU = Release|Any CPU
	EndGlobalSection
	GlobalSection(ProjectConfigurationPlatforms) = postSolution
		{E224DD0F-80BD-4FC5-A14F-A821FC1686CE}.Debug|Any CPU.ActiveCfg = Debug|Any CPU
		{E224DD0F-80BD-4FC5-A14F-A821FC1686CE}.Debug|Any CPU.Build.0 = Debug|Any CPU
		{E224DD0F-80BD-4FC5-A14F-A821FC1686CE}.Release|Any CPU.ActiveCfg = Release|Any CPU
		{E224DD0F-80BD-4FC5-A14F-A821FC1686CE}.Release|Any CPU.Build.0 = Release|Any CPU
	EndGlobalSection
	GlobalSection(SolutionProperties) = preSolution
		HideSolutionNode = FALSE
	EndGlobalSection
	GlobalSection(ExtensibilityGlobals) = postSolution
		SolutionGuid = {2362314E-702C-4102-BBEF-3A287896D438}
	EndGlobalSection
EndGlobal
